
Microsoft Visual Studio Solution File, Format Version 12.00
# Visual Studio Version 17
VisualStudioVersion = 17.12.35728.132 d17.12
MinimumVisualStudioVersion = 10.0.40219.1
Project("{FAE04EC0-301F-11D3-BF4B-00C04F79EFBC}") = "JobApplicationEvaluation.Api", "JobApplicationEvaluation.Api.csproj", "{432BB437-E34F-4A1A-A43C-E7DDAB635C0E}"
EndProject
Project("{FAE04EC0-301F-11D3-BF4B-00C04F79EFBC}") = "JobApplicationEvaluation.Entity", "..\JobApplicationEvaluation.Entity\JobApplicationEvaluation.Entity.csproj", "{D5E0D2BF-F240-4577-B90A-FF884D052714}"
EndProject
Project("{FAE04EC0-301F-11D3-BF4B-00C04F79EFBC}") = "JobApplicationEvaluation.DataAccess", "..\JobApplicationEvaluation.DataAccess\JobApplicationEvaluation.DataAccess.csproj", "{104FF9EC-1795-4081-81F7-229F1421C30B}"
EndProject
Project("{FAE04EC0-301F-11D3-BF4B-00C04F79EFBC}") = "JobApplicationEvaluation.ViewModels", "..\JobApplicationEvaluation.ViewModels\JobApplicationEvaluation.ViewModels.csproj", "{FD606E11-1106-403C-9538-D84BE0B55419}"
EndProject
Project("{FAE04EC0-301F-11D3-BF4B-00C04F79EFBC}") = "JobApplicationEvaluation.Core", "..\JobApplicationEvaluation.Core\JobApplicationEvaluation.Core.csproj", "{8F3AC4EA-8A15-4937-9EB5-C65FC600A3E5}"
EndProject
Project("{FAE04EC0-301F-11D3-BF4B-00C04F79EFBC}") = "JobApplicationEvaluation.Business", "..\JobApplicationEvaluation.Business\JobApplicationEvaluation.Business.csproj", "{EE6947F5-3F3C-42E4-929E-7622C224271E}"
EndProject
Global
	GlobalSection(SolutionConfigurationPlatforms) = preSolution
		Debug|Any CPU = Debug|Any CPU
		Release|Any CPU = Release|Any CPU
	EndGlobalSection
	GlobalSection(ProjectConfigurationPlatforms) = postSolution
		{432BB437-E34F-4A1A-A43C-E7DDAB635C0E}.Debug|Any CPU.ActiveCfg = Debug|Any CPU
		{432BB437-E34F-4A1A-A43C-E7DDAB635C0E}.Debug|Any CPU.Build.0 = Debug|Any CPU
		{432BB437-E34F-4A1A-A43C-E7DDAB635C0E}.Release|Any CPU.ActiveCfg = Release|Any CPU
		{432BB437-E34F-4A1A-A43C-E7DDAB635C0E}.Release|Any CPU.Build.0 = Release|Any CPU
		{D5E0D2BF-F240-4577-B90A-FF884D052714}.Debug|Any CPU.ActiveCfg = Debug|Any CPU
		{D5E0D2BF-F240-4577-B90A-FF884D052714}.Debug|Any CPU.Build.0 = Debug|Any CPU
		{D5E0D2BF-F240-4577-B90A-FF884D052714}.Release|Any CPU.ActiveCfg = Release|Any CPU
		{D5E0D2BF-F240-4577-B90A-FF884D052714}.Release|Any CPU.Build.0 = Release|Any CPU
		{104FF9EC-1795-4081-81F7-229F1421C30B}.Debug|Any CPU.ActiveCfg = Debug|Any CPU
		{104FF9EC-1795-4081-81F7-229F1421C30B}.Debug|Any CPU.Build.0 = Debug|Any CPU
		{104FF9EC-1795-4081-81F7-229F1421C30B}.Release|Any CPU.ActiveCfg = Release|Any CPU
		{104FF9EC-1795-4081-81F7-229F1421C30B}.Release|Any CPU.Build.0 = Release|Any CPU
		{FD606E11-1106-403C-9538-D84BE0B55419}.Debug|Any CPU.ActiveCfg = Debug|Any CPU
		{FD606E11-1106-403C-9538-D84BE0B55419}.Debug|Any CPU.Build.0 = Debug|Any CPU
		{FD606E11-1106-403C-9538-D84BE0B55419}.Release|Any CPU.ActiveCfg = Release|Any CPU
		{FD606E11-1106-403C-9538-D84BE0B55419}.Release|Any CPU.Build.0 = Release|Any CPU
		{8F3AC4EA-8A15-4937-9EB5-C65FC600A3E5}.Debug|Any CPU.ActiveCfg = Debug|Any CPU
		{8F3AC4EA-8A15-4937-9EB5-C65FC600A3E5}.Debug|Any CPU.Build.0 = Debug|Any CPU
		{8F3AC4EA-8A15-4937-9EB5-C65FC600A3E5}.Release|Any CPU.ActiveCfg = Release|Any CPU
		{8F3AC4EA-8A15-4937-9EB5-C65FC600A3E5}.Release|Any CPU.Build.0 = Release|Any CPU
		{EE6947F5-3F3C-42E4-929E-7622C224271E}.Debug|Any CPU.ActiveCfg = Debug|Any CPU
		{EE6947F5-3F3C-42E4-929E-7622C224271E}.Debug|Any CPU.Build.0 = Debug|Any CPU
		{EE6947F5-3F3C-42E4-929E-7622C224271E}.Release|Any CPU.ActiveCfg = Release|Any CPU
		{EE6947F5-3F3C-42E4-929E-7622C224271E}.Release|Any CPU.Build.0 = Release|Any CPU
	EndGlobalSection
	GlobalSection(SolutionProperties) = preSolution
		HideSolutionNode = FALSE
	EndGlobalSection
EndGlobal
